
Microsoft Visual Studio Solution File, Format Version 12.00
# Visual Studio Version 17
VisualStudioVersion = 17.4.33205.214
MinimumVisualStudioVersion = 10.0.40219.1
Project("{FAE04EC0-301F-11D3-BF4B-00C04F79EFBC}") = "PH.Entities.Abstractions", "PH.Entities.Abstractions\PH.Entities.Abstractions.csproj", "{3D6813C4-7955-4937-B70E-8C611934A58D}"
EndProject
Global
	GlobalSection(SolutionConfigurationPlatforms) = preSolution
		Debug|Any CPU = Debug|Any CPU
		Release|Any CPU = Release|Any CPU
	EndGlobalSection
	GlobalSection(ProjectConfigurationPlatforms) = postSolution
		{3D6813C4-7955-4937-B70E-8C611934A58D}.Debug|Any CPU.ActiveCfg = Debug|Any CPU
		{3D6813C4-7955-4937-B70E-8C611934A58D}.Debug|Any CPU.Build.0 = Debug|Any CPU
		{3D6813C4-7955-4937-B70E-8C611934A58D}.Release|Any CPU.ActiveCfg = Release|Any CPU
		{3D6813C4-7955-4937-B70E-8C611934A58D}.Release|Any CPU.Build.0 = Release|Any CPU
	EndGlobalSection
	GlobalSection(SolutionProperties) = preSolution
		HideSolutionNode = FALSE
	EndGlobalSection
	GlobalSection(ExtensibilityGlobals) = postSolution
		SolutionGuid = {F231DFAB-48DB-427B-8B17-B18EB4A06FFF}
	EndGlobalSection
EndGlobal
